
Microsoft Visual Studio Solution File, Format Version 12.00
# Visual Studio Version 17
VisualStudioVersion = 17.9.34728.123
MinimumVisualStudioVersion = 10.0.40219.1
Project("{FAE04EC0-301F-11D3-BF4B-00C04F79EFBC}") = "RosterHive", "RosterHive\RosterHive.csproj", "{0882A7EB-11CF-4D6C-906B-21D27B743CAC}"
EndProject
Global
	GlobalSection(SolutionConfigurationPlatforms) = preSolution
		Debug|Any CPU = Debug|Any CPU
		Release|Any CPU = Release|Any CPU
	EndGlobalSection
	GlobalSection(ProjectConfigurationPlatforms) = postSolution
		{0882A7EB-11CF-4D6C-906B-21D27B743CAC}.Debug|Any CPU.ActiveCfg = Debug|Any CPU
		{0882A7EB-11CF-4D6C-906B-21D27B743CAC}.Debug|Any CPU.Build.0 = Debug|Any CPU
		{0882A7EB-11CF-4D6C-906B-21D27B743CAC}.Release|Any CPU.ActiveCfg = Release|Any CPU
		{0882A7EB-11CF-4D6C-906B-21D27B743CAC}.Release|Any CPU.Build.0 = Release|Any CPU
	EndGlobalSection
	GlobalSection(SolutionProperties) = preSolution
		HideSolutionNode = FALSE
	EndGlobalSection
	GlobalSection(ExtensibilityGlobals) = postSolution
		SolutionGuid = {00BC9724-7751-4390-90A2-05EE8AC36D67}
	EndGlobalSection
EndGlobal
